
Microsoft Visual Studio Solution File, Format Version 12.00
# Visual Studio 15
VisualStudioVersion = 15.0.27703.2042
MinimumVisualStudioVersion = 10.0.40219.1
Project("{FAE04EC0-301F-11D3-BF4B-00C04F79EFBC}") = "WpfApp4", "WpfApp4\WpfApp4.csproj", "{7E64331C-560C-444C-845F-0757C3D88D56}"
EndProject
Global
	GlobalSection(SolutionConfigurationPlatforms) = preSolution
		Debug|Any CPU = Debug|Any CPU
		Release|Any CPU = Release|Any CPU
	EndGlobalSection
	GlobalSection(ProjectConfigurationPlatforms) = postSolution
		{7E64331C-560C-444C-845F-0757C3D88D56}.Debug|Any CPU.ActiveCfg = Debug|Any CPU
		{7E64331C-560C-444C-845F-0757C3D88D56}.Debug|Any CPU.Build.0 = Debug|Any CPU
		{7E64331C-560C-444C-845F-0757C3D88D56}.Release|Any CPU.ActiveCfg = Release|Any CPU
		{7E64331C-560C-444C-845F-0757C3D88D56}.Release|Any CPU.Build.0 = Release|Any CPU
	EndGlobalSection
	GlobalSection(SolutionProperties) = preSolution
		HideSolutionNode = FALSE
	EndGlobalSection
	GlobalSection(ExtensibilityGlobals) = postSolution
		SolutionGuid = {FA6E83C4-CB31-4FD4-8A9E-B512E22ABFD0}
	EndGlobalSection
EndGlobal
